
Microsoft Visual Studio Solution File, Format Version 12.00
# Visual Studio Version 16
VisualStudioVersion = 16.0.30503.244
MinimumVisualStudioVersion = 10.0.40219.1
Project("{8BC9CEB8-8B4A-11D0-8D11-00A0C91BC942}") = "MarioGame", "MarioGame\MarioGame.vcxproj", "{57ADBC3D-7936-478B-9992-24B6F7156857}"
EndProject
Global
	GlobalSection(SolutionConfigurationPlatforms) = preSolution
		Debug|x64 = Debug|x64
		Debug|x86 = Debug|x86
		Release|x64 = Release|x64
		Release|x86 = Release|x86
	EndGlobalSection
	GlobalSection(ProjectConfigurationPlatforms) = postSolution
		{57ADBC3D-7936-478B-9992-24B6F7156857}.Debug|x64.ActiveCfg = Debug|x64
		{57ADBC3D-7936-478B-9992-24B6F7156857}.Debug|x64.Build.0 = Debug|x64
		{57ADBC3D-7936-478B-9992-24B6F7156857}.Debug|x86.ActiveCfg = Debug|Win32
		{57ADBC3D-7936-478B-9992-24B6F7156857}.Debug|x86.Build.0 = Debug|Win32
		{57ADBC3D-7936-478B-9992-24B6F7156857}.Release|x64.ActiveCfg = Release|x64
		{57ADBC3D-7936-478B-9992-24B6F7156857}.Release|x64.Build.0 = Release|x64
		{57ADBC3D-7936-478B-9992-24B6F7156857}.Release|x86.ActiveCfg = Release|Win32
		{57ADBC3D-7936-478B-9992-24B6F7156857}.Release|x86.Build.0 = Release|Win32
	EndGlobalSection
	GlobalSection(SolutionProperties) = preSolution
		HideSolutionNode = FALSE
	EndGlobalSection
	GlobalSection(ExtensibilityGlobals) = postSolution
		SolutionGuid = {1CD6893D-DFE2-4913-B66C-40E77244400B}
	EndGlobalSection
EndGlobal
